<?xml version="1.0" encoding="UTF-8"?>
<CodeBlocks_project_file>
	<FileVersion major="1" minor="6"/>
	<Project>
		<Option title="WaveguideProblem"/>
		<Option makefile_is_custom="1"/>
		<Option compiler="gcc"/>
		<Option virtualFolders="CMake Files\;CMake Files\googletest\;CMake Files\googletest\lib\;CMake Files\googletest\lib\googlemock\;CMake Files\googletest\lib\googlemock\cmake\;CMake Files\googletest\lib\googletest\;CMake Files\googletest\lib\googletest\cmake\;CMake Files\..\;CMake Files\..\..\;CMake Files\..\..\dealii\;CMake Files\..\..\dealii\lib\;CMake Files\..\..\dealii\lib\cmake\;CMake Files\..\..\dealii\lib\cmake\deal.II\;CMake Files\..\..\dealii\share\;CMake Files\..\..\dealii\share\deal.II\;CMake Files\..\..\dealii\share\deal.II\macros\;CMake Files\Code\;CMake Files\Main\;"/>
		<Build>
			<Target title="all">
				<Option working_dir="/home/kraft/workspace/waveguideproblem"/>
				<Option type="4"/>
				<MakeCommands>
					<Build command="/usr/bin/make -f &quot;/home/kraft/workspace/waveguideproblem/Makefile&quot;  VERBOSE=1 all"/>
					<CompileFile command="/usr/bin/make -f &quot;/home/kraft/workspace/waveguideproblem/Makefile&quot;  VERBOSE=1 &quot;$file&quot;"/>
					<Clean command="/usr/bin/make -f &quot;/home/kraft/workspace/waveguideproblem/Makefile&quot;  VERBOSE=1 clean"/>
					<DistClean command="/usr/bin/make -f &quot;/home/kraft/workspace/waveguideproblem/Makefile&quot;  VERBOSE=1 clean"/>
				</MakeCommands>
			</Target>
			<Target title="install/strip">
				<Option working_dir="/home/kraft/workspace/waveguideproblem"/>
				<Option type="4"/>
				<MakeCommands>
					<Build command="/usr/bin/make -f &quot;/home/kraft/workspace/waveguideproblem/Makefile&quot;  VERBOSE=1 install/strip"/>
					<CompileFile command="/usr/bin/make -f &quot;/home/kraft/workspace/waveguideproblem/Makefile&quot;  VERBOSE=1 &quot;$file&quot;"/>
					<Clean command="/usr/bin/make -f &quot;/home/kraft/workspace/waveguideproblem/Makefile&quot;  VERBOSE=1 clean"/>
					<DistClean command="/usr/bin/make -f &quot;/home/kraft/workspace/waveguideproblem/Makefile&quot;  VERBOSE=1 clean"/>
				</MakeCommands>
			</Target>
			<Target title="install">
				<Option working_dir="/home/kraft/workspace/waveguideproblem"/>
				<Option type="4"/>
				<MakeCommands>
					<Build command="/usr/bin/make -f &quot;/home/kraft/workspace/waveguideproblem/Makefile&quot;  VERBOSE=1 install"/>
					<CompileFile command="/usr/bin/make -f &quot;/home/kraft/workspace/waveguideproblem/Makefile&quot;  VERBOSE=1 &quot;$file&quot;"/>
					<Clean command="/usr/bin/make -f &quot;/home/kraft/workspace/waveguideproblem/Makefile&quot;  VERBOSE=1 clean"/>
					<DistClean command="/usr/bin/make -f &quot;/home/kraft/workspace/waveguideproblem/Makefile&quot;  VERBOSE=1 clean"/>
				</MakeCommands>
			</Target>
			<Target title="install/local">
				<Option working_dir="/home/kraft/workspace/waveguideproblem"/>
				<Option type="4"/>
				<MakeCommands>
					<Build command="/usr/bin/make -f &quot;/home/kraft/workspace/waveguideproblem/Makefile&quot;  VERBOSE=1 install/local"/>
					<CompileFile command="/usr/bin/make -f &quot;/home/kraft/workspace/waveguideproblem/Makefile&quot;  VERBOSE=1 &quot;$file&quot;"/>
					<Clean command="/usr/bin/make -f &quot;/home/kraft/workspace/waveguideproblem/Makefile&quot;  VERBOSE=1 clean"/>
					<DistClean command="/usr/bin/make -f &quot;/home/kraft/workspace/waveguideproblem/Makefile&quot;  VERBOSE=1 clean"/>
				</MakeCommands>
			</Target>
			<Target title="list_install_components">
				<Option working_dir="/home/kraft/workspace/waveguideproblem"/>
				<Option type="4"/>
				<MakeCommands>
					<Build command="/usr/bin/make -f &quot;/home/kraft/workspace/waveguideproblem/Makefile&quot;  VERBOSE=1 list_install_components"/>
					<CompileFile command="/usr/bin/make -f &quot;/home/kraft/workspace/waveguideproblem/Makefile&quot;  VERBOSE=1 &quot;$file&quot;"/>
					<Clean command="/usr/bin/make -f &quot;/home/kraft/workspace/waveguideproblem/Makefile&quot;  VERBOSE=1 clean"/>
					<DistClean command="/usr/bin/make -f &quot;/home/kraft/workspace/waveguideproblem/Makefile&quot;  VERBOSE=1 clean"/>
				</MakeCommands>
			</Target>
			<Target title="edit_cache">
				<Option working_dir="/home/kraft/workspace/waveguideproblem"/>
				<Option type="4"/>
				<MakeCommands>
					<Build command="/usr/bin/make -f &quot;/home/kraft/workspace/waveguideproblem/Makefile&quot;  VERBOSE=1 edit_cache"/>
					<CompileFile command="/usr/bin/make -f &quot;/home/kraft/workspace/waveguideproblem/Makefile&quot;  VERBOSE=1 &quot;$file&quot;"/>
					<Clean command="/usr/bin/make -f &quot;/home/kraft/workspace/waveguideproblem/Makefile&quot;  VERBOSE=1 clean"/>
					<DistClean command="/usr/bin/make -f &quot;/home/kraft/workspace/waveguideproblem/Makefile&quot;  VERBOSE=1 clean"/>
				</MakeCommands>
			</Target>
			<Target title="rebuild_cache">
				<Option working_dir="/home/kraft/workspace/waveguideproblem"/>
				<Option type="4"/>
				<MakeCommands>
					<Build command="/usr/bin/make -f &quot;/home/kraft/workspace/waveguideproblem/Makefile&quot;  VERBOSE=1 rebuild_cache"/>
					<CompileFile command="/usr/bin/make -f &quot;/home/kraft/workspace/waveguideproblem/Makefile&quot;  VERBOSE=1 &quot;$file&quot;"/>
					<Clean command="/usr/bin/make -f &quot;/home/kraft/workspace/waveguideproblem/Makefile&quot;  VERBOSE=1 clean"/>
					<DistClean command="/usr/bin/make -f &quot;/home/kraft/workspace/waveguideproblem/Makefile&quot;  VERBOSE=1 clean"/>
				</MakeCommands>
			</Target>
			<Target title="Code">
				<Option output="/home/kraft/workspace/waveguideproblem/Code/libCode.a" prefix_auto="0" extension_auto="0"/>
				<Option working_dir="/home/kraft/workspace/waveguideproblem/Code"/>
				<Option object_output="./"/>
				<Option type="2"/>
				<Option compiler="gcc"/>
				<Compiler>
					<Add option="-DBOOST_NO_AUTO_PTR"/>
					<Add option="-DDEBUG"/>
					<Add directory="/home/kraft/workspace/waveguideproblem/googletest/lib/googletest/include"/>
					<Add directory="/home/kraft/workspace/waveguideproblem/googletest/lib/googletest"/>
					<Add directory="/home/kraft/workspace/waveguideproblem/Code/Core,"/>
					<Add directory="/home/kraft/workspace/waveguideproblem/Code/Helpers,"/>
					<Add directory="/home/kraft/workspace/waveguideproblem/Code/MeshGenerators,"/>
					<Add directory="/home/kraft/workspace/waveguideproblem/Code/OptimizationAlgorithm,"/>
					<Add directory="/home/kraft/workspace/waveguideproblem/Code/OptimizationStrategies,"/>
					<Add directory="/home/kraft/workspace/waveguideproblem/Code/SpaceTransformations,"/>
					<Add directory="/home/kraft/workspace/waveguideproblem/Code/HSIEPreconditioner"/>
					<Add directory="/home/kraft/dealii/include"/>
					<Add directory="/home/kraft/dealii/include/deal.II/bundled"/>
					<Add directory="/usr/lib/x86_64-linux-gnu/openmpi/include/openmpi"/>
					<Add directory="/usr/lib/x86_64-linux-gnu/openmpi/include/openmpi/opal/mca/event/libevent2022/libevent"/>
					<Add directory="/usr/lib/x86_64-linux-gnu/openmpi/include/openmpi/opal/mca/event/libevent2022/libevent/include"/>
					<Add directory="/usr/lib/x86_64-linux-gnu/openmpi/include"/>
					<Add directory="/home/kraft/trilinos/include"/>
					<Add directory="/usr/include/suitesparse"/>
					<Add directory="/usr/lib/x86_64-linux-gnu/hdf5/openmpi/include"/>
					<Add directory="/home/kraft/p4est/FAST/include"/>
				</Compiler>
				<MakeCommands>
					<Build command="/usr/bin/make -f &quot;/home/kraft/workspace/waveguideproblem/Code/Makefile&quot;  VERBOSE=1 Code"/>
					<CompileFile command="/usr/bin/make -f &quot;/home/kraft/workspace/waveguideproblem/Code/Makefile&quot;  VERBOSE=1 &quot;$file&quot;"/>
					<Clean command="/usr/bin/make -f &quot;/home/kraft/workspace/waveguideproblem/Code/Makefile&quot;  VERBOSE=1 clean"/>
					<DistClean command="/usr/bin/make -f &quot;/home/kraft/workspace/waveguideproblem/Code/Makefile&quot;  VERBOSE=1 clean"/>
				</MakeCommands>
			</Target>
			<Target title="Code/fast">
				<Option output="/home/kraft/workspace/waveguideproblem/Code/libCode.a" prefix_auto="0" extension_auto="0"/>
				<Option working_dir="/home/kraft/workspace/waveguideproblem/Code"/>
				<Option object_output="./"/>
				<Option type="2"/>
				<Option compiler="gcc"/>
				<Compiler>
					<Add option="-DBOOST_NO_AUTO_PTR"/>
					<Add option="-DDEBUG"/>
					<Add directory="/home/kraft/workspace/waveguideproblem/googletest/lib/googletest/include"/>
					<Add directory="/home/kraft/workspace/waveguideproblem/googletest/lib/googletest"/>
					<Add directory="/home/kraft/workspace/waveguideproblem/Code/Core,"/>
					<Add directory="/home/kraft/workspace/waveguideproblem/Code/Helpers,"/>
					<Add directory="/home/kraft/workspace/waveguideproblem/Code/MeshGenerators,"/>
					<Add directory="/home/kraft/workspace/waveguideproblem/Code/OptimizationAlgorithm,"/>
					<Add directory="/home/kraft/workspace/waveguideproblem/Code/OptimizationStrategies,"/>
					<Add directory="/home/kraft/workspace/waveguideproblem/Code/SpaceTransformations,"/>
					<Add directory="/home/kraft/workspace/waveguideproblem/Code/HSIEPreconditioner"/>
					<Add directory="/home/kraft/dealii/include"/>
					<Add directory="/home/kraft/dealii/include/deal.II/bundled"/>
					<Add directory="/usr/lib/x86_64-linux-gnu/openmpi/include/openmpi"/>
					<Add directory="/usr/lib/x86_64-linux-gnu/openmpi/include/openmpi/opal/mca/event/libevent2022/libevent"/>
					<Add directory="/usr/lib/x86_64-linux-gnu/openmpi/include/openmpi/opal/mca/event/libevent2022/libevent/include"/>
					<Add directory="/usr/lib/x86_64-linux-gnu/openmpi/include"/>
					<Add directory="/home/kraft/trilinos/include"/>
					<Add directory="/usr/include/suitesparse"/>
					<Add directory="/usr/lib/x86_64-linux-gnu/hdf5/openmpi/include"/>
					<Add directory="/home/kraft/p4est/FAST/include"/>
				</Compiler>
				<MakeCommands>
					<Build command="/usr/bin/make -f &quot;/home/kraft/workspace/waveguideproblem/Code/Makefile&quot;  VERBOSE=1 Code/fast"/>
					<CompileFile command="/usr/bin/make -f &quot;/home/kraft/workspace/waveguideproblem/Code/Makefile&quot;  VERBOSE=1 &quot;$file&quot;"/>
					<Clean command="/usr/bin/make -f &quot;/home/kraft/workspace/waveguideproblem/Code/Makefile&quot;  VERBOSE=1 clean"/>
					<DistClean command="/usr/bin/make -f &quot;/home/kraft/workspace/waveguideproblem/Code/Makefile&quot;  VERBOSE=1 clean"/>
				</MakeCommands>
			</Target>
			<Target title="main">
				<Option output="/home/kraft/workspace/waveguideproblem/Main/main" prefix_auto="0" extension_auto="0"/>
				<Option working_dir="/home/kraft/workspace/waveguideproblem/Main"/>
				<Option object_output="./"/>
				<Option type="1"/>
				<Option compiler="gcc"/>
				<Compiler>
					<Add option="-DBOOST_NO_AUTO_PTR"/>
					<Add option="-DDEBUG"/>
					<Add directory="/home/kraft/workspace/waveguideproblem/googletest/lib/googletest/include"/>
					<Add directory="/home/kraft/workspace/waveguideproblem/googletest/lib/googletest"/>
					<Add directory="/home/kraft/workspace/waveguideproblem/Code/Core,"/>
					<Add directory="/home/kraft/workspace/waveguideproblem/Code/Helpers,"/>
					<Add directory="/home/kraft/workspace/waveguideproblem/Code/MeshGenerators,"/>
					<Add directory="/home/kraft/workspace/waveguideproblem/Code/OptimizationAlgorithm,"/>
					<Add directory="/home/kraft/workspace/waveguideproblem/Code/OptimizationStrategies,"/>
					<Add directory="/home/kraft/workspace/waveguideproblem/Code/SpaceTransformations"/>
					<Add directory="/home/kraft/dealii/include"/>
					<Add directory="/home/kraft/dealii/include/deal.II/bundled"/>
					<Add directory="/usr/lib/x86_64-linux-gnu/openmpi/include/openmpi"/>
					<Add directory="/usr/lib/x86_64-linux-gnu/openmpi/include/openmpi/opal/mca/event/libevent2022/libevent"/>
					<Add directory="/usr/lib/x86_64-linux-gnu/openmpi/include/openmpi/opal/mca/event/libevent2022/libevent/include"/>
					<Add directory="/usr/lib/x86_64-linux-gnu/openmpi/include"/>
					<Add directory="/home/kraft/trilinos/include"/>
					<Add directory="/usr/include/suitesparse"/>
					<Add directory="/usr/lib/x86_64-linux-gnu/hdf5/openmpi/include"/>
					<Add directory="/home/kraft/p4est/FAST/include"/>
				</Compiler>
				<MakeCommands>
					<Build command="/usr/bin/make -f &quot;/home/kraft/workspace/waveguideproblem/Main/Makefile&quot;  VERBOSE=1 main"/>
					<CompileFile command="/usr/bin/make -f &quot;/home/kraft/workspace/waveguideproblem/Main/Makefile&quot;  VERBOSE=1 &quot;$file&quot;"/>
					<Clean command="/usr/bin/make -f &quot;/home/kraft/workspace/waveguideproblem/Main/Makefile&quot;  VERBOSE=1 clean"/>
					<DistClean command="/usr/bin/make -f &quot;/home/kraft/workspace/waveguideproblem/Main/Makefile&quot;  VERBOSE=1 clean"/>
				</MakeCommands>
			</Target>
			<Target title="main/fast">
				<Option output="/home/kraft/workspace/waveguideproblem/Main/main" prefix_auto="0" extension_auto="0"/>
				<Option working_dir="/home/kraft/workspace/waveguideproblem/Main"/>
				<Option object_output="./"/>
				<Option type="1"/>
				<Option compiler="gcc"/>
				<Compiler>
					<Add option="-DBOOST_NO_AUTO_PTR"/>
					<Add option="-DDEBUG"/>
					<Add directory="/home/kraft/workspace/waveguideproblem/googletest/lib/googletest/include"/>
					<Add directory="/home/kraft/workspace/waveguideproblem/googletest/lib/googletest"/>
					<Add directory="/home/kraft/workspace/waveguideproblem/Code/Core,"/>
					<Add directory="/home/kraft/workspace/waveguideproblem/Code/Helpers,"/>
					<Add directory="/home/kraft/workspace/waveguideproblem/Code/MeshGenerators,"/>
					<Add directory="/home/kraft/workspace/waveguideproblem/Code/OptimizationAlgorithm,"/>
					<Add directory="/home/kraft/workspace/waveguideproblem/Code/OptimizationStrategies,"/>
					<Add directory="/home/kraft/workspace/waveguideproblem/Code/SpaceTransformations"/>
					<Add directory="/home/kraft/dealii/include"/>
					<Add directory="/home/kraft/dealii/include/deal.II/bundled"/>
					<Add directory="/usr/lib/x86_64-linux-gnu/openmpi/include/openmpi"/>
					<Add directory="/usr/lib/x86_64-linux-gnu/openmpi/include/openmpi/opal/mca/event/libevent2022/libevent"/>
					<Add directory="/usr/lib/x86_64-linux-gnu/openmpi/include/openmpi/opal/mca/event/libevent2022/libevent/include"/>
					<Add directory="/usr/lib/x86_64-linux-gnu/openmpi/include"/>
					<Add directory="/home/kraft/trilinos/include"/>
					<Add directory="/usr/include/suitesparse"/>
					<Add directory="/usr/lib/x86_64-linux-gnu/hdf5/openmpi/include"/>
					<Add directory="/home/kraft/p4est/FAST/include"/>
				</Compiler>
				<MakeCommands>
					<Build command="/usr/bin/make -f &quot;/home/kraft/workspace/waveguideproblem/Main/Makefile&quot;  VERBOSE=1 main/fast"/>
					<CompileFile command="/usr/bin/make -f &quot;/home/kraft/workspace/waveguideproblem/Main/Makefile&quot;  VERBOSE=1 &quot;$file&quot;"/>
					<Clean command="/usr/bin/make -f &quot;/home/kraft/workspace/waveguideproblem/Main/Makefile&quot;  VERBOSE=1 clean"/>
					<DistClean command="/usr/bin/make -f &quot;/home/kraft/workspace/waveguideproblem/Main/Makefile&quot;  VERBOSE=1 clean"/>
				</MakeCommands>
			</Target>
			<Target title="Google_Tests_run">
				<Option output="/home/kraft/workspace/waveguideproblem/googletest/Google_Tests_run" prefix_auto="0" extension_auto="0"/>
				<Option working_dir="/home/kraft/workspace/waveguideproblem/googletest"/>
				<Option object_output="./"/>
				<Option type="1"/>
				<Option compiler="gcc"/>
				<Compiler>
					<Add option="-DBOOST_NO_AUTO_PTR"/>
					<Add option="-DDEBUG"/>
					<Add directory="/home/kraft/workspace/waveguideproblem/googletest/lib/googletest/include"/>
					<Add directory="/home/kraft/workspace/waveguideproblem/googletest/lib/googletest"/>
					<Add directory="/home/kraft/dealii/include"/>
					<Add directory="/home/kraft/dealii/include/deal.II/bundled"/>
					<Add directory="/usr/lib/x86_64-linux-gnu/openmpi/include/openmpi"/>
					<Add directory="/usr/lib/x86_64-linux-gnu/openmpi/include/openmpi/opal/mca/event/libevent2022/libevent"/>
					<Add directory="/usr/lib/x86_64-linux-gnu/openmpi/include/openmpi/opal/mca/event/libevent2022/libevent/include"/>
					<Add directory="/usr/lib/x86_64-linux-gnu/openmpi/include"/>
					<Add directory="/home/kraft/trilinos/include"/>
					<Add directory="/usr/include/suitesparse"/>
					<Add directory="/usr/lib/x86_64-linux-gnu/hdf5/openmpi/include"/>
					<Add directory="/home/kraft/p4est/FAST/include"/>
				</Compiler>
				<MakeCommands>
					<Build command="/usr/bin/make -f &quot;/home/kraft/workspace/waveguideproblem/googletest/Makefile&quot;  VERBOSE=1 Google_Tests_run"/>
					<CompileFile command="/usr/bin/make -f &quot;/home/kraft/workspace/waveguideproblem/googletest/Makefile&quot;  VERBOSE=1 &quot;$file&quot;"/>
					<Clean command="/usr/bin/make -f &quot;/home/kraft/workspace/waveguideproblem/googletest/Makefile&quot;  VERBOSE=1 clean"/>
					<DistClean command="/usr/bin/make -f &quot;/home/kraft/workspace/waveguideproblem/googletest/Makefile&quot;  VERBOSE=1 clean"/>
				</MakeCommands>
			</Target>
			<Target title="Google_Tests_run/fast">
				<Option output="/home/kraft/workspace/waveguideproblem/googletest/Google_Tests_run" prefix_auto="0" extension_auto="0"/>
				<Option working_dir="/home/kraft/workspace/waveguideproblem/googletest"/>
				<Option object_output="./"/>
				<Option type="1"/>
				<Option compiler="gcc"/>
				<Compiler>
					<Add option="-DBOOST_NO_AUTO_PTR"/>
					<Add option="-DDEBUG"/>
					<Add directory="/home/kraft/workspace/waveguideproblem/googletest/lib/googletest/include"/>
					<Add directory="/home/kraft/workspace/waveguideproblem/googletest/lib/googletest"/>
					<Add directory="/home/kraft/dealii/include"/>
					<Add directory="/home/kraft/dealii/include/deal.II/bundled"/>
					<Add directory="/usr/lib/x86_64-linux-gnu/openmpi/include/openmpi"/>
					<Add directory="/usr/lib/x86_64-linux-gnu/openmpi/include/openmpi/opal/mca/event/libevent2022/libevent"/>
					<Add directory="/usr/lib/x86_64-linux-gnu/openmpi/include/openmpi/opal/mca/event/libevent2022/libevent/include"/>
					<Add directory="/usr/lib/x86_64-linux-gnu/openmpi/include"/>
					<Add directory="/home/kraft/trilinos/include"/>
					<Add directory="/usr/include/suitesparse"/>
					<Add directory="/usr/lib/x86_64-linux-gnu/hdf5/openmpi/include"/>
					<Add directory="/home/kraft/p4est/FAST/include"/>
				</Compiler>
				<MakeCommands>
					<Build command="/usr/bin/make -f &quot;/home/kraft/workspace/waveguideproblem/googletest/Makefile&quot;  VERBOSE=1 Google_Tests_run/fast"/>
					<CompileFile command="/usr/bin/make -f &quot;/home/kraft/workspace/waveguideproblem/googletest/Makefile&quot;  VERBOSE=1 &quot;$file&quot;"/>
					<Clean command="/usr/bin/make -f &quot;/home/kraft/workspace/waveguideproblem/googletest/Makefile&quot;  VERBOSE=1 clean"/>
					<DistClean command="/usr/bin/make -f &quot;/home/kraft/workspace/waveguideproblem/googletest/Makefile&quot;  VERBOSE=1 clean"/>
				</MakeCommands>
			</Target>
			<Target title="gmock_main">
				<Option output="/home/kraft/workspace/waveguideproblem/lib/libgmock_maind.a" prefix_auto="0" extension_auto="0"/>
				<Option working_dir="/home/kraft/workspace/waveguideproblem/googletest/lib/googlemock"/>
				<Option object_output="./"/>
				<Option type="2"/>
				<Option compiler="gcc"/>
				<Compiler>
					<Add directory="/home/kraft/workspace/waveguideproblem/googletest/lib/googletest/include"/>
					<Add directory="/home/kraft/workspace/waveguideproblem/googletest/lib/googletest"/>
					<Add directory="/home/kraft/workspace/waveguideproblem/googletest/lib/googlemock/include"/>
					<Add directory="/home/kraft/workspace/waveguideproblem/googletest/lib/googlemock"/>
				</Compiler>
				<MakeCommands>
					<Build command="/usr/bin/make -f &quot;/home/kraft/workspace/waveguideproblem/googletest/lib/googlemock/Makefile&quot;  VERBOSE=1 gmock_main"/>
					<CompileFile command="/usr/bin/make -f &quot;/home/kraft/workspace/waveguideproblem/googletest/lib/googlemock/Makefile&quot;  VERBOSE=1 &quot;$file&quot;"/>
					<Clean command="/usr/bin/make -f &quot;/home/kraft/workspace/waveguideproblem/googletest/lib/googlemock/Makefile&quot;  VERBOSE=1 clean"/>
					<DistClean command="/usr/bin/make -f &quot;/home/kraft/workspace/waveguideproblem/googletest/lib/googlemock/Makefile&quot;  VERBOSE=1 clean"/>
				</MakeCommands>
			</Target>
			<Target title="gmock_main/fast">
				<Option output="/home/kraft/workspace/waveguideproblem/lib/libgmock_maind.a" prefix_auto="0" extension_auto="0"/>
				<Option working_dir="/home/kraft/workspace/waveguideproblem/googletest/lib/googlemock"/>
				<Option object_output="./"/>
				<Option type="2"/>
				<Option compiler="gcc"/>
				<Compiler>
					<Add directory="/home/kraft/workspace/waveguideproblem/googletest/lib/googletest/include"/>
					<Add directory="/home/kraft/workspace/waveguideproblem/googletest/lib/googletest"/>
					<Add directory="/home/kraft/workspace/waveguideproblem/googletest/lib/googlemock/include"/>
					<Add directory="/home/kraft/workspace/waveguideproblem/googletest/lib/googlemock"/>
				</Compiler>
				<MakeCommands>
					<Build command="/usr/bin/make -f &quot;/home/kraft/workspace/waveguideproblem/googletest/lib/googlemock/Makefile&quot;  VERBOSE=1 gmock_main/fast"/>
					<CompileFile command="/usr/bin/make -f &quot;/home/kraft/workspace/waveguideproblem/googletest/lib/googlemock/Makefile&quot;  VERBOSE=1 &quot;$file&quot;"/>
					<Clean command="/usr/bin/make -f &quot;/home/kraft/workspace/waveguideproblem/googletest/lib/googlemock/Makefile&quot;  VERBOSE=1 clean"/>
					<DistClean command="/usr/bin/make -f &quot;/home/kraft/workspace/waveguideproblem/googletest/lib/googlemock/Makefile&quot;  VERBOSE=1 clean"/>
				</MakeCommands>
			</Target>
			<Target title="gmock">
				<Option output="/home/kraft/workspace/waveguideproblem/lib/libgmockd.a" prefix_auto="0" extension_auto="0"/>
				<Option working_dir="/home/kraft/workspace/waveguideproblem/googletest/lib/googlemock"/>
				<Option object_output="./"/>
				<Option type="2"/>
				<Option compiler="gcc"/>
				<Compiler>
					<Add directory="/home/kraft/workspace/waveguideproblem/googletest/lib/googlemock/include"/>
					<Add directory="/home/kraft/workspace/waveguideproblem/googletest/lib/googlemock"/>
					<Add directory="/home/kraft/workspace/waveguideproblem/googletest/lib/googletest/include"/>
					<Add directory="/home/kraft/workspace/waveguideproblem/googletest/lib/googletest"/>
				</Compiler>
				<MakeCommands>
					<Build command="/usr/bin/make -f &quot;/home/kraft/workspace/waveguideproblem/googletest/lib/googlemock/Makefile&quot;  VERBOSE=1 gmock"/>
					<CompileFile command="/usr/bin/make -f &quot;/home/kraft/workspace/waveguideproblem/googletest/lib/googlemock/Makefile&quot;  VERBOSE=1 &quot;$file&quot;"/>
					<Clean command="/usr/bin/make -f &quot;/home/kraft/workspace/waveguideproblem/googletest/lib/googlemock/Makefile&quot;  VERBOSE=1 clean"/>
					<DistClean command="/usr/bin/make -f &quot;/home/kraft/workspace/waveguideproblem/googletest/lib/googlemock/Makefile&quot;  VERBOSE=1 clean"/>
				</MakeCommands>
			</Target>
			<Target title="gmock/fast">
				<Option output="/home/kraft/workspace/waveguideproblem/lib/libgmockd.a" prefix_auto="0" extension_auto="0"/>
				<Option working_dir="/home/kraft/workspace/waveguideproblem/googletest/lib/googlemock"/>
				<Option object_output="./"/>
				<Option type="2"/>
				<Option compiler="gcc"/>
				<Compiler>
					<Add directory="/home/kraft/workspace/waveguideproblem/googletest/lib/googlemock/include"/>
					<Add directory="/home/kraft/workspace/waveguideproblem/googletest/lib/googlemock"/>
					<Add directory="/home/kraft/workspace/waveguideproblem/googletest/lib/googletest/include"/>
					<Add directory="/home/kraft/workspace/waveguideproblem/googletest/lib/googletest"/>
				</Compiler>
				<MakeCommands>
					<Build command="/usr/bin/make -f &quot;/home/kraft/workspace/waveguideproblem/googletest/lib/googlemock/Makefile&quot;  VERBOSE=1 gmock/fast"/>
					<CompileFile command="/usr/bin/make -f &quot;/home/kraft/workspace/waveguideproblem/googletest/lib/googlemock/Makefile&quot;  VERBOSE=1 &quot;$file&quot;"/>
					<Clean command="/usr/bin/make -f &quot;/home/kraft/workspace/waveguideproblem/googletest/lib/googlemock/Makefile&quot;  VERBOSE=1 clean"/>
					<DistClean command="/usr/bin/make -f &quot;/home/kraft/workspace/waveguideproblem/googletest/lib/googlemock/Makefile&quot;  VERBOSE=1 clean"/>
				</MakeCommands>
			</Target>
			<Target title="gtest_main">
				<Option output="/home/kraft/workspace/waveguideproblem/lib/libgtest_maind.a" prefix_auto="0" extension_auto="0"/>
				<Option working_dir="/home/kraft/workspace/waveguideproblem/googletest/lib/googletest"/>
				<Option object_output="./"/>
				<Option type="2"/>
				<Option compiler="gcc"/>
				<Compiler>
					<Add directory="/home/kraft/workspace/waveguideproblem/googletest/lib/googletest/include"/>
					<Add directory="/home/kraft/workspace/waveguideproblem/googletest/lib/googletest"/>
				</Compiler>
				<MakeCommands>
					<Build command="/usr/bin/make -f &quot;/home/kraft/workspace/waveguideproblem/googletest/lib/googletest/Makefile&quot;  VERBOSE=1 gtest_main"/>
					<CompileFile command="/usr/bin/make -f &quot;/home/kraft/workspace/waveguideproblem/googletest/lib/googletest/Makefile&quot;  VERBOSE=1 &quot;$file&quot;"/>
					<Clean command="/usr/bin/make -f &quot;/home/kraft/workspace/waveguideproblem/googletest/lib/googletest/Makefile&quot;  VERBOSE=1 clean"/>
					<DistClean command="/usr/bin/make -f &quot;/home/kraft/workspace/waveguideproblem/googletest/lib/googletest/Makefile&quot;  VERBOSE=1 clean"/>
				</MakeCommands>
			</Target>
			<Target title="gtest_main/fast">
				<Option output="/home/kraft/workspace/waveguideproblem/lib/libgtest_maind.a" prefix_auto="0" extension_auto="0"/>
				<Option working_dir="/home/kraft/workspace/waveguideproblem/googletest/lib/googletest"/>
				<Option object_output="./"/>
				<Option type="2"/>
				<Option compiler="gcc"/>
				<Compiler>
					<Add directory="/home/kraft/workspace/waveguideproblem/googletest/lib/googletest/include"/>
					<Add directory="/home/kraft/workspace/waveguideproblem/googletest/lib/googletest"/>
				</Compiler>
				<MakeCommands>
					<Build command="/usr/bin/make -f &quot;/home/kraft/workspace/waveguideproblem/googletest/lib/googletest/Makefile&quot;  VERBOSE=1 gtest_main/fast"/>
					<CompileFile command="/usr/bin/make -f &quot;/home/kraft/workspace/waveguideproblem/googletest/lib/googletest/Makefile&quot;  VERBOSE=1 &quot;$file&quot;"/>
					<Clean command="/usr/bin/make -f &quot;/home/kraft/workspace/waveguideproblem/googletest/lib/googletest/Makefile&quot;  VERBOSE=1 clean"/>
					<DistClean command="/usr/bin/make -f &quot;/home/kraft/workspace/waveguideproblem/googletest/lib/googletest/Makefile&quot;  VERBOSE=1 clean"/>
				</MakeCommands>
			</Target>
			<Target title="gtest">
				<Option output="/home/kraft/workspace/waveguideproblem/lib/libgtestd.a" prefix_auto="0" extension_auto="0"/>
				<Option working_dir="/home/kraft/workspace/waveguideproblem/googletest/lib/googletest"/>
				<Option object_output="./"/>
				<Option type="2"/>
				<Option compiler="gcc"/>
				<Compiler>
					<Add directory="/home/kraft/workspace/waveguideproblem/googletest/lib/googletest/include"/>
					<Add directory="/home/kraft/workspace/waveguideproblem/googletest/lib/googletest"/>
				</Compiler>
				<MakeCommands>
					<Build command="/usr/bin/make -f &quot;/home/kraft/workspace/waveguideproblem/googletest/lib/googletest/Makefile&quot;  VERBOSE=1 gtest"/>
					<CompileFile command="/usr/bin/make -f &quot;/home/kraft/workspace/waveguideproblem/googletest/lib/googletest/Makefile&quot;  VERBOSE=1 &quot;$file&quot;"/>
					<Clean command="/usr/bin/make -f &quot;/home/kraft/workspace/waveguideproblem/googletest/lib/googletest/Makefile&quot;  VERBOSE=1 clean"/>
					<DistClean command="/usr/bin/make -f &quot;/home/kraft/workspace/waveguideproblem/googletest/lib/googletest/Makefile&quot;  VERBOSE=1 clean"/>
				</MakeCommands>
			</Target>
			<Target title="gtest/fast">
				<Option output="/home/kraft/workspace/waveguideproblem/lib/libgtestd.a" prefix_auto="0" extension_auto="0"/>
				<Option working_dir="/home/kraft/workspace/waveguideproblem/googletest/lib/googletest"/>
				<Option object_output="./"/>
				<Option type="2"/>
				<Option compiler="gcc"/>
				<Compiler>
					<Add directory="/home/kraft/workspace/waveguideproblem/googletest/lib/googletest/include"/>
					<Add directory="/home/kraft/workspace/waveguideproblem/googletest/lib/googletest"/>
				</Compiler>
				<MakeCommands>
					<Build command="/usr/bin/make -f &quot;/home/kraft/workspace/waveguideproblem/googletest/lib/googletest/Makefile&quot;  VERBOSE=1 gtest/fast"/>
					<CompileFile command="/usr/bin/make -f &quot;/home/kraft/workspace/waveguideproblem/googletest/lib/googletest/Makefile&quot;  VERBOSE=1 &quot;$file&quot;"/>
					<Clean command="/usr/bin/make -f &quot;/home/kraft/workspace/waveguideproblem/googletest/lib/googletest/Makefile&quot;  VERBOSE=1 clean"/>
					<DistClean command="/usr/bin/make -f &quot;/home/kraft/workspace/waveguideproblem/googletest/lib/googletest/Makefile&quot;  VERBOSE=1 clean"/>
				</MakeCommands>
			</Target>
		</Build>
		<Unit filename="/home/kraft/workspace/waveguideproblem/Code/Core/AuxiliaryProblem.cpp">
			<Option target="Code"/>
		</Unit>
		<Unit filename="/home/kraft/workspace/waveguideproblem/Code/Core/AuxiliaryProblem.h">
			<Option target="Code"/>
		</Unit>
		<Unit filename="/home/kraft/workspace/waveguideproblem/Code/Core/DOFManager.cpp">
			<Option target="Code"/>
		</Unit>
		<Unit filename="/home/kraft/workspace/waveguideproblem/Code/Core/DOFManager.h">
			<Option target="Code"/>
		</Unit>
		<Unit filename="/home/kraft/workspace/waveguideproblem/Code/Core/MainProblem.cpp">
			<Option target="Code"/>
		</Unit>
		<Unit filename="/home/kraft/workspace/waveguideproblem/Code/Core/MainProblem.h">
			<Option target="Code"/>
		</Unit>
		<Unit filename="/home/kraft/workspace/waveguideproblem/Code/Core/NumericProblem.cpp">
			<Option target="Code"/>
		</Unit>
		<Unit filename="/home/kraft/workspace/waveguideproblem/Code/Core/NumericProblem.h">
			<Option target="Code"/>
		</Unit>
		<Unit filename="/home/kraft/workspace/waveguideproblem/Code/Core/PreconditionerSweeping.cpp">
			<Option target="Code"/>
		</Unit>
		<Unit filename="/home/kraft/workspace/waveguideproblem/Code/Core/PreconditionerSweeping.h">
			<Option target="Code"/>
		</Unit>
		<Unit filename="/home/kraft/workspace/waveguideproblem/Code/Core/Sector.cpp">
			<Option target="Code"/>
		</Unit>
		<Unit filename="/home/kraft/workspace/waveguideproblem/Code/Core/Sector.h">
			<Option target="Code"/>
		</Unit>
		<Unit filename="/home/kraft/workspace/waveguideproblem/Code/Core/Simulation.cpp">
			<Option target="Code"/>
		</Unit>
		<Unit filename="/home/kraft/workspace/waveguideproblem/Code/Core/Simulation.h">
			<Option target="Code"/>
		</Unit>
		<Unit filename="/home/kraft/workspace/waveguideproblem/Code/Core/SolutionWeight.cpp">
			<Option target="Code"/>
		</Unit>
		<Unit filename="/home/kraft/workspace/waveguideproblem/Code/Core/SolutionWeight.h">
			<Option target="Code"/>
		</Unit>
		<Unit filename="/home/kraft/workspace/waveguideproblem/Code/HSIE/FaceSurfaceComparator.cpp">
			<Option target="Code"/>
		</Unit>
		<Unit filename="/home/kraft/workspace/waveguideproblem/Code/HSIE/FaceSurfaceComparator.h">
			<Option target="Code"/>
		</Unit>
		<Unit filename="/home/kraft/workspace/waveguideproblem/Code/HSIE/FaceSurfaceComparatorZ.cpp">
			<Option target="Code"/>
		</Unit>
		<Unit filename="/home/kraft/workspace/waveguideproblem/Code/HSIE/FaceSurfaceComparatorZ.h">
			<Option target="Code"/>
		</Unit>
		<Unit filename="/home/kraft/workspace/waveguideproblem/Code/HSIE/HSIEDofType.cpp">
			<Option target="Code"/>
		</Unit>
		<Unit filename="/home/kraft/workspace/waveguideproblem/Code/HSIE/HSIEDofType.h">
			<Option target="Code"/>
		</Unit>
		<Unit filename="/home/kraft/workspace/waveguideproblem/Code/HSIE/HSIE_Preconditioner_Base.cpp">
			<Option target="Code"/>
		</Unit>
		<Unit filename="/home/kraft/workspace/waveguideproblem/Code/HSIE/HSIE_Preconditioner_Base.h">
			<Option target="Code"/>
		</Unit>
		<Unit filename="/home/kraft/workspace/waveguideproblem/Code/HSIEPreconditioner/HSIEPreconditioner.cpp">
			<Option target="Code"/>
		</Unit>
		<Unit filename="/home/kraft/workspace/waveguideproblem/Code/HSIEPreconditioner/HSIEPreconditioner.h">
			<Option target="Code"/>
		</Unit>
		<Unit filename="/home/kraft/workspace/waveguideproblem/Code/HSIEPreconditioner/HSIESurface.cpp">
			<Option target="Code"/>
		</Unit>
		<Unit filename="/home/kraft/workspace/waveguideproblem/Code/HSIEPreconditioner/HSIESurface.h">
			<Option target="Code"/>
		</Unit>
		<Unit filename="/home/kraft/workspace/waveguideproblem/Code/Helpers/ExactSolution.cpp">
			<Option target="Code"/>
		</Unit>
		<Unit filename="/home/kraft/workspace/waveguideproblem/Code/Helpers/ExactSolution.h">
			<Option target="Code"/>
		</Unit>
		<Unit filename="/home/kraft/workspace/waveguideproblem/Code/Helpers/Geometry.cpp">
			<Option target="Code"/>
		</Unit>
		<Unit filename="/home/kraft/workspace/waveguideproblem/Code/Helpers/Geometry.h">
			<Option target="Code"/>
		</Unit>
		<Unit filename="/home/kraft/workspace/waveguideproblem/Code/Helpers/ModeManager.cpp">
			<Option target="Code"/>
		</Unit>
		<Unit filename="/home/kraft/workspace/waveguideproblem/Code/Helpers/ModeManager.h">
			<Option target="Code"/>
		</Unit>
		<Unit filename="/home/kraft/workspace/waveguideproblem/Code/Helpers/ParameterReader.cpp">
			<Option target="Code"/>
		</Unit>
		<Unit filename="/home/kraft/workspace/waveguideproblem/Code/Helpers/ParameterReader.h">
			<Option target="Code"/>
		</Unit>
		<Unit filename="/home/kraft/workspace/waveguideproblem/Code/Helpers/Parameters.cpp">
			<Option target="Code"/>
		</Unit>
		<Unit filename="/home/kraft/workspace/waveguideproblem/Code/Helpers/Parameters.h">
			<Option target="Code"/>
		</Unit>
		<Unit filename="/home/kraft/workspace/waveguideproblem/Code/Helpers/PointVal.cpp">
			<Option target="Code"/>
		</Unit>
		<Unit filename="/home/kraft/workspace/waveguideproblem/Code/Helpers/PointVal.h">
			<Option target="Code"/>
		</Unit>
		<Unit filename="/home/kraft/workspace/waveguideproblem/Code/Helpers/QuadratureFormulaCircle.cpp">
			<Option target="Code"/>
		</Unit>
		<Unit filename="/home/kraft/workspace/waveguideproblem/Code/Helpers/ShapeDescription.cpp">
			<Option target="Code"/>
		</Unit>
		<Unit filename="/home/kraft/workspace/waveguideproblem/Code/Helpers/ShapeDescription.h">
			<Option target="Code"/>
		</Unit>
		<Unit filename="/home/kraft/workspace/waveguideproblem/Code/Helpers/staticfunctions.cpp">
			<Option target="Code"/>
		</Unit>
		<Unit filename="/home/kraft/workspace/waveguideproblem/Code/Helpers/staticfunctions.h">
			<Option target="Code"/>
		</Unit>
		<Unit filename="/home/kraft/workspace/waveguideproblem/Code/MeshGenerators/SquareMeshGenerator.cpp">
			<Option target="Code"/>
		</Unit>
		<Unit filename="/home/kraft/workspace/waveguideproblem/Code/MeshGenerators/SquareMeshGenerator.h">
			<Option target="Code"/>
		</Unit>
		<Unit filename="/home/kraft/workspace/waveguideproblem/Code/OptimizationAlgorithm/Optimization1D.cpp">
			<Option target="Code"/>
		</Unit>
		<Unit filename="/home/kraft/workspace/waveguideproblem/Code/OptimizationAlgorithm/Optimization1D.h">
			<Option target="Code"/>
		</Unit>
		<Unit filename="/home/kraft/workspace/waveguideproblem/Code/OptimizationAlgorithm/OptimizationAlgorithm.cpp">
			<Option target="Code"/>
		</Unit>
		<Unit filename="/home/kraft/workspace/waveguideproblem/Code/OptimizationAlgorithm/OptimizationAlgorithm.h">
			<Option target="Code"/>
		</Unit>
		<Unit filename="/home/kraft/workspace/waveguideproblem/Code/OptimizationAlgorithm/OptimizationCG.cpp">
			<Option target="Code"/>
		</Unit>
		<Unit filename="/home/kraft/workspace/waveguideproblem/Code/OptimizationAlgorithm/OptimizationCG.h">
			<Option target="Code"/>
		</Unit>
		<Unit filename="/home/kraft/workspace/waveguideproblem/Code/OptimizationAlgorithm/OptimizationSteepestDescent.cpp">
			<Option target="Code"/>
		</Unit>
		<Unit filename="/home/kraft/workspace/waveguideproblem/Code/OptimizationAlgorithm/OptimizationSteepestDescent.h">
			<Option target="Code"/>
		</Unit>
		<Unit filename="/home/kraft/workspace/waveguideproblem/Code/OptimizationStrategies/AdjointOptimization.cpp">
			<Option target="Code"/>
		</Unit>
		<Unit filename="/home/kraft/workspace/waveguideproblem/Code/OptimizationStrategies/AdjointOptimization.h">
			<Option target="Code"/>
		</Unit>
		<Unit filename="/home/kraft/workspace/waveguideproblem/Code/OptimizationStrategies/FDOptimization.cpp">
			<Option target="Code"/>
		</Unit>
		<Unit filename="/home/kraft/workspace/waveguideproblem/Code/OptimizationStrategies/FDOptimization.h">
			<Option target="Code"/>
		</Unit>
		<Unit filename="/home/kraft/workspace/waveguideproblem/Code/OptimizationStrategies/Optimization.cpp">
			<Option target="Code"/>
		</Unit>
		<Unit filename="/home/kraft/workspace/waveguideproblem/Code/OptimizationStrategies/Optimization.h">
			<Option target="Code"/>
		</Unit>
		<Unit filename="/home/kraft/workspace/waveguideproblem/Code/SpaceTransformations/DualProblemTransformationWrapper.cpp">
			<Option target="Code"/>
		</Unit>
		<Unit filename="/home/kraft/workspace/waveguideproblem/Code/SpaceTransformations/DualProblemTransformationWrapper.h">
			<Option target="Code"/>
		</Unit>
		<Unit filename="/home/kraft/workspace/waveguideproblem/Code/SpaceTransformations/HomogenousTransformationRectangular.cpp">
			<Option target="Code"/>
		</Unit>
		<Unit filename="/home/kraft/workspace/waveguideproblem/Code/SpaceTransformations/HomogenousTransformationRectangular.h">
			<Option target="Code"/>
		</Unit>
		<Unit filename="/home/kraft/workspace/waveguideproblem/Code/SpaceTransformations/InhomogenousTransformationRectangular.cpp">
			<Option target="Code"/>
		</Unit>
		<Unit filename="/home/kraft/workspace/waveguideproblem/Code/SpaceTransformations/InhomogenousTransformationRectangular.h">
			<Option target="Code"/>
		</Unit>
		<Unit filename="/home/kraft/workspace/waveguideproblem/Code/SpaceTransformations/SpaceTransformation.cpp">
			<Option target="Code"/>
		</Unit>
		<Unit filename="/home/kraft/workspace/waveguideproblem/Code/SpaceTransformations/SpaceTransformation.h">
			<Option target="Code"/>
		</Unit>
		<Unit filename="/home/kraft/workspace/waveguideproblem/Main/main.cpp">
			<Option target="main"/>
		</Unit>
		<Unit filename="/home/kraft/workspace/waveguideproblem/googletest/ExampleTest.cpp">
			<Option target="Google_Tests_run"/>
		</Unit>
		<Unit filename="/home/kraft/workspace/waveguideproblem/googletest/lib/googlemock/src/gmock-all.cc">
			<Option target="gmock"/>
		</Unit>
		<Unit filename="/home/kraft/workspace/waveguideproblem/googletest/lib/googlemock/src/gmock_main.cc">
			<Option target="gmock_main"/>
		</Unit>
		<Unit filename="/home/kraft/workspace/waveguideproblem/googletest/lib/googletest/src/gtest-all.cc">
			<Option target="gtest"/>
		</Unit>
		<Unit filename="/home/kraft/workspace/waveguideproblem/googletest/lib/googletest/src/gtest_main.cc">
			<Option target="gtest_main"/>
		</Unit>
		<Unit filename="/home/kraft/workspace/waveguideproblem/CMakeLists.txt">
			<Option virtualFolder="CMake Files\"/>
		</Unit>
		<Unit filename="/home/kraft/workspace/waveguideproblem/googletest/CMakeLists.txt">
			<Option virtualFolder="CMake Files\googletest\"/>
		</Unit>
		<Unit filename="/home/kraft/workspace/waveguideproblem/googletest/lib/CMakeLists.txt">
			<Option virtualFolder="CMake Files\googletest\lib\"/>
		</Unit>
		<Unit filename="/home/kraft/workspace/waveguideproblem/googletest/lib/googlemock/CMakeLists.txt">
			<Option virtualFolder="CMake Files\googletest\lib\googlemock\"/>
		</Unit>
		<Unit filename="/home/kraft/workspace/waveguideproblem/googletest/lib/googlemock/cmake/gmock.pc.in">
			<Option virtualFolder="CMake Files\googletest\lib\googlemock\cmake\"/>
		</Unit>
		<Unit filename="/home/kraft/workspace/waveguideproblem/googletest/lib/googlemock/cmake/gmock_main.pc.in">
			<Option virtualFolder="CMake Files\googletest\lib\googlemock\cmake\"/>
		</Unit>
		<Unit filename="/home/kraft/workspace/waveguideproblem/googletest/lib/googletest/CMakeLists.txt">
			<Option virtualFolder="CMake Files\googletest\lib\googletest\"/>
		</Unit>
		<Unit filename="/home/kraft/workspace/waveguideproblem/googletest/lib/googletest/cmake/Config.cmake.in">
			<Option virtualFolder="CMake Files\googletest\lib\googletest\cmake\"/>
		</Unit>
		<Unit filename="/home/kraft/workspace/waveguideproblem/googletest/lib/googletest/cmake/gtest.pc.in">
			<Option virtualFolder="CMake Files\googletest\lib\googletest\cmake\"/>
		</Unit>
		<Unit filename="/home/kraft/workspace/waveguideproblem/googletest/lib/googletest/cmake/gtest_main.pc.in">
			<Option virtualFolder="CMake Files\googletest\lib\googletest\cmake\"/>
		</Unit>
		<Unit filename="/home/kraft/workspace/waveguideproblem/googletest/lib/googletest/cmake/internal_utils.cmake">
			<Option virtualFolder="CMake Files\googletest\lib\googletest\cmake\"/>
		</Unit>
		<Unit filename="/home/kraft/workspace/waveguideproblem/../../dealii/lib/cmake/deal.II/deal.IIConfig.cmake">
			<Option virtualFolder="CMake Files\..\..\dealii\lib\cmake\deal.II\"/>
		</Unit>
		<Unit filename="/home/kraft/workspace/waveguideproblem/../../dealii/lib/cmake/deal.II/deal.IIConfigVersion.cmake">
			<Option virtualFolder="CMake Files\..\..\dealii\lib\cmake\deal.II\"/>
		</Unit>
		<Unit filename="/home/kraft/workspace/waveguideproblem/../../dealii/lib/cmake/deal.II/deal.IITargets-debugrelease.cmake">
			<Option virtualFolder="CMake Files\..\..\dealii\lib\cmake\deal.II\"/>
		</Unit>
		<Unit filename="/home/kraft/workspace/waveguideproblem/../../dealii/lib/cmake/deal.II/deal.IITargets.cmake">
			<Option virtualFolder="CMake Files\..\..\dealii\lib\cmake\deal.II\"/>
		</Unit>
		<Unit filename="/home/kraft/workspace/waveguideproblem/../../dealii/share/deal.II/macros/macro_deal_ii_add_test.cmake">
			<Option virtualFolder="CMake Files\..\..\dealii\share\deal.II\macros\"/>
		</Unit>
		<Unit filename="/home/kraft/workspace/waveguideproblem/../../dealii/share/deal.II/macros/macro_deal_ii_initialize_cached_variables.cmake">
			<Option virtualFolder="CMake Files\..\..\dealii\share\deal.II\macros\"/>
		</Unit>
		<Unit filename="/home/kraft/workspace/waveguideproblem/../../dealii/share/deal.II/macros/macro_deal_ii_invoke_autopilot.cmake">
			<Option virtualFolder="CMake Files\..\..\dealii\share\deal.II\macros\"/>
		</Unit>
		<Unit filename="/home/kraft/workspace/waveguideproblem/../../dealii/share/deal.II/macros/macro_deal_ii_pickup_tests.cmake">
			<Option virtualFolder="CMake Files\..\..\dealii\share\deal.II\macros\"/>
		</Unit>
		<Unit filename="/home/kraft/workspace/waveguideproblem/../../dealii/share/deal.II/macros/macro_deal_ii_query_git_information.cmake">
			<Option virtualFolder="CMake Files\..\..\dealii\share\deal.II\macros\"/>
		</Unit>
		<Unit filename="/home/kraft/workspace/waveguideproblem/../../dealii/share/deal.II/macros/macro_deal_ii_setup_target.cmake">
			<Option virtualFolder="CMake Files\..\..\dealii\share\deal.II\macros\"/>
		</Unit>
		<Unit filename="/home/kraft/workspace/waveguideproblem/Code/CMakeLists.txt">
			<Option virtualFolder="CMake Files\Code\"/>
		</Unit>
		<Unit filename="/home/kraft/workspace/waveguideproblem/Main/CMakeLists.txt">
			<Option virtualFolder="CMake Files\Main\"/>
		</Unit>
	</Project>
</CodeBlocks_project_file>
